
Microsoft Visual Studio Solution File, Format Version 12.00
# Visual Studio 15
VisualStudioVersion = 15.0.28010.2046
MinimumVisualStudioVersion = 10.0.40219.1
Project("{8BC9CEB8-8B4A-11D0-8D11-00A0C91BC942}") = "Hacking_Ciphers", "Hacking_Ciphers\Hacking_Ciphers.vcxproj", "{949B2DB5-58FE-4AF1-80BD-77F68711746E}"
EndProject
Global
	GlobalSection(SolutionConfigurationPlatforms) = preSolution
		Debug|x64 = Debug|x64
		Debug|x86 = Debug|x86
		Release|x64 = Release|x64
		Release|x86 = Release|x86
	EndGlobalSection
	GlobalSection(ProjectConfigurationPlatforms) = postSolution
		{949B2DB5-58FE-4AF1-80BD-77F68711746E}.Debug|x64.ActiveCfg = Debug|x64
		{949B2DB5-58FE-4AF1-80BD-77F68711746E}.Debug|x64.Build.0 = Debug|x64
		{949B2DB5-58FE-4AF1-80BD-77F68711746E}.Debug|x86.ActiveCfg = Debug|Win32
		{949B2DB5-58FE-4AF1-80BD-77F68711746E}.Debug|x86.Build.0 = Debug|Win32
		{949B2DB5-58FE-4AF1-80BD-77F68711746E}.Release|x64.ActiveCfg = Release|x64
		{949B2DB5-58FE-4AF1-80BD-77F68711746E}.Release|x64.Build.0 = Release|x64
		{949B2DB5-58FE-4AF1-80BD-77F68711746E}.Release|x86.ActiveCfg = Release|Win32
		{949B2DB5-58FE-4AF1-80BD-77F68711746E}.Release|x86.Build.0 = Release|Win32
	EndGlobalSection
	GlobalSection(SolutionProperties) = preSolution
		HideSolutionNode = FALSE
	EndGlobalSection
	GlobalSection(ExtensibilityGlobals) = postSolution
		SolutionGuid = {452A4396-B7C3-4DCE-821D-7920FDFBFAD2}
	EndGlobalSection
EndGlobal
