
Microsoft Visual Studio Solution File, Format Version 12.00
# Visual Studio 15
VisualStudioVersion = 15.0.28010.2046
MinimumVisualStudioVersion = 10.0.40219.1
Project("{FAE04EC0-301F-11D3-BF4B-00C04F79EFBC}") = "Введение_в_IT_WPF", "Введение_в_IT_WPF\Введение_в_IT_WPF.csproj", "{D1F2629E-570F-491E-AB35-D2A282BE5FB6}"
EndProject
Global
	GlobalSection(SolutionConfigurationPlatforms) = preSolution
		Debug|Any CPU = Debug|Any CPU
		Release|Any CPU = Release|Any CPU
	EndGlobalSection
	GlobalSection(ProjectConfigurationPlatforms) = postSolution
		{D1F2629E-570F-491E-AB35-D2A282BE5FB6}.Debug|Any CPU.ActiveCfg = Debug|Any CPU
		{D1F2629E-570F-491E-AB35-D2A282BE5FB6}.Debug|Any CPU.Build.0 = Debug|Any CPU
		{D1F2629E-570F-491E-AB35-D2A282BE5FB6}.Release|Any CPU.ActiveCfg = Release|Any CPU
		{D1F2629E-570F-491E-AB35-D2A282BE5FB6}.Release|Any CPU.Build.0 = Release|Any CPU
	EndGlobalSection
	GlobalSection(SolutionProperties) = preSolution
		HideSolutionNode = FALSE
	EndGlobalSection
	GlobalSection(ExtensibilityGlobals) = postSolution
		SolutionGuid = {83313224-D5BB-465C-9828-1D1D1D4FC742}
	EndGlobalSection
EndGlobal
