
Microsoft Visual Studio Solution File, Format Version 12.00
# Visual Studio 15
VisualStudioVersion = 15.0.28010.2046
MinimumVisualStudioVersion = 10.0.40219.1
Project("{8BC9CEB8-8B4A-11D0-8D11-00A0C91BC942}") = "Crypt_Lab_2", "Crypt_Lab_2\Crypt_Lab_2.vcxproj", "{835D4580-F29A-469F-BA24-A2F530FFA75B}"
EndProject
Global
	GlobalSection(SolutionConfigurationPlatforms) = preSolution
		Debug|x64 = Debug|x64
		Debug|x86 = Debug|x86
		Release|x64 = Release|x64
		Release|x86 = Release|x86
	EndGlobalSection
	GlobalSection(ProjectConfigurationPlatforms) = postSolution
		{835D4580-F29A-469F-BA24-A2F530FFA75B}.Debug|x64.ActiveCfg = Debug|x64
		{835D4580-F29A-469F-BA24-A2F530FFA75B}.Debug|x64.Build.0 = Debug|x64
		{835D4580-F29A-469F-BA24-A2F530FFA75B}.Debug|x86.ActiveCfg = Debug|Win32
		{835D4580-F29A-469F-BA24-A2F530FFA75B}.Debug|x86.Build.0 = Debug|Win32
		{835D4580-F29A-469F-BA24-A2F530FFA75B}.Release|x64.ActiveCfg = Release|x64
		{835D4580-F29A-469F-BA24-A2F530FFA75B}.Release|x64.Build.0 = Release|x64
		{835D4580-F29A-469F-BA24-A2F530FFA75B}.Release|x86.ActiveCfg = Release|Win32
		{835D4580-F29A-469F-BA24-A2F530FFA75B}.Release|x86.Build.0 = Release|Win32
	EndGlobalSection
	GlobalSection(SolutionProperties) = preSolution
		HideSolutionNode = FALSE
	EndGlobalSection
	GlobalSection(ExtensibilityGlobals) = postSolution
		SolutionGuid = {ED912F7B-8CCF-48B4-9BA1-398B161811AC}
	EndGlobalSection
EndGlobal
