
Microsoft Visual Studio Solution File, Format Version 12.00
# Visual Studio 15
VisualStudioVersion = 15.0.28307.1082
MinimumVisualStudioVersion = 10.0.40219.1
Project("{8BC9CEB8-8B4A-11D0-8D11-00A0C91BC942}") = "CodeVzlom", "CodeVzlom\CodeVzlom.vcxproj", "{5BFAAF28-DF31-43C1-9D9A-B08B416CDD3E}"
EndProject
Global
	GlobalSection(SolutionConfigurationPlatforms) = preSolution
		Debug|x64 = Debug|x64
		Debug|x86 = Debug|x86
		Release|x64 = Release|x64
		Release|x86 = Release|x86
	EndGlobalSection
	GlobalSection(ProjectConfigurationPlatforms) = postSolution
		{5BFAAF28-DF31-43C1-9D9A-B08B416CDD3E}.Debug|x64.ActiveCfg = Debug|x64
		{5BFAAF28-DF31-43C1-9D9A-B08B416CDD3E}.Debug|x64.Build.0 = Debug|x64
		{5BFAAF28-DF31-43C1-9D9A-B08B416CDD3E}.Debug|x86.ActiveCfg = Debug|Win32
		{5BFAAF28-DF31-43C1-9D9A-B08B416CDD3E}.Debug|x86.Build.0 = Debug|Win32
		{5BFAAF28-DF31-43C1-9D9A-B08B416CDD3E}.Release|x64.ActiveCfg = Release|x64
		{5BFAAF28-DF31-43C1-9D9A-B08B416CDD3E}.Release|x64.Build.0 = Release|x64
		{5BFAAF28-DF31-43C1-9D9A-B08B416CDD3E}.Release|x86.ActiveCfg = Release|Win32
		{5BFAAF28-DF31-43C1-9D9A-B08B416CDD3E}.Release|x86.Build.0 = Release|Win32
	EndGlobalSection
	GlobalSection(SolutionProperties) = preSolution
		HideSolutionNode = FALSE
	EndGlobalSection
	GlobalSection(ExtensibilityGlobals) = postSolution
		SolutionGuid = {86AE247E-B77D-4111-ABA7-5E7F7DAD4AD6}
	EndGlobalSection
EndGlobal
