
Microsoft Visual Studio Solution File, Format Version 10.00
# Visual Studio 2008
Project("{8BC9CEB8-8B4A-11D0-8D11-00A0C91BC942}") = "test", "test.vcproj", "{9C2B8010-88CC-4128-8764-9DE80CC264D7}"
EndProject
Global
	GlobalSection(SolutionConfigurationPlatforms) = preSolution
		Debug|Win32 = Debug|Win32
		Release|Win32 = Release|Win32
	EndGlobalSection
	GlobalSection(ProjectConfigurationPlatforms) = postSolution
		{9C2B8010-88CC-4128-8764-9DE80CC264D7}.Debug|Win32.ActiveCfg = Debug|Win32
		{9C2B8010-88CC-4128-8764-9DE80CC264D7}.Debug|Win32.Build.0 = Debug|Win32
		{9C2B8010-88CC-4128-8764-9DE80CC264D7}.Release|Win32.ActiveCfg = Release|Win32
		{9C2B8010-88CC-4128-8764-9DE80CC264D7}.Release|Win32.Build.0 = Release|Win32
	EndGlobalSection
	GlobalSection(SolutionProperties) = preSolution
		HideSolutionNode = FALSE
	EndGlobalSection
EndGlobal
