
Microsoft Visual Studio Solution File, Format Version 12.00
# Visual Studio 15
VisualStudioVersion = 15.0.26730.16
MinimumVisualStudioVersion = 10.0.40219.1
Project("{8BC9CEB8-8B4A-11D0-8D11-00A0C91BC942}") = "ASM_string", "ASM_string\ASM_string.vcxproj", "{C970ABD2-2B8A-4485-961A-16920DE402DD}"
EndProject
Global
	GlobalSection(SolutionConfigurationPlatforms) = preSolution
		Debug|x64 = Debug|x64
		Debug|x86 = Debug|x86
		Release|x64 = Release|x64
		Release|x86 = Release|x86
	EndGlobalSection
	GlobalSection(ProjectConfigurationPlatforms) = postSolution
		{C970ABD2-2B8A-4485-961A-16920DE402DD}.Debug|x64.ActiveCfg = Debug|x64
		{C970ABD2-2B8A-4485-961A-16920DE402DD}.Debug|x64.Build.0 = Debug|x64
		{C970ABD2-2B8A-4485-961A-16920DE402DD}.Debug|x86.ActiveCfg = Debug|Win32
		{C970ABD2-2B8A-4485-961A-16920DE402DD}.Debug|x86.Build.0 = Debug|Win32
		{C970ABD2-2B8A-4485-961A-16920DE402DD}.Release|x64.ActiveCfg = Release|x64
		{C970ABD2-2B8A-4485-961A-16920DE402DD}.Release|x64.Build.0 = Release|x64
		{C970ABD2-2B8A-4485-961A-16920DE402DD}.Release|x86.ActiveCfg = Release|Win32
		{C970ABD2-2B8A-4485-961A-16920DE402DD}.Release|x86.Build.0 = Release|Win32
	EndGlobalSection
	GlobalSection(SolutionProperties) = preSolution
		HideSolutionNode = FALSE
	EndGlobalSection
	GlobalSection(ExtensibilityGlobals) = postSolution
		SolutionGuid = {B41C5E21-C2BE-4F43-A0E8-A1A91E5D71F5}
	EndGlobalSection
EndGlobal
