
Microsoft Visual Studio Solution File, Format Version 12.00
# Visual Studio 15
VisualStudioVersion = 15.0.28010.2046
MinimumVisualStudioVersion = 10.0.40219.1
Project("{8BC9CEB8-8B4A-11D0-8D11-00A0C91BC942}") = "Assembler_Lab_1_V_1", "Assembler_Lab_1_V_1\Assembler_Lab_1_V_1.vcxproj", "{6D6E5E22-4FC6-45E9-A01E-4A08F96F8DDA}"
EndProject
Global
	GlobalSection(SolutionConfigurationPlatforms) = preSolution
		Debug|x64 = Debug|x64
		Debug|x86 = Debug|x86
		Release|x64 = Release|x64
		Release|x86 = Release|x86
	EndGlobalSection
	GlobalSection(ProjectConfigurationPlatforms) = postSolution
		{6D6E5E22-4FC6-45E9-A01E-4A08F96F8DDA}.Debug|x64.ActiveCfg = Debug|x64
		{6D6E5E22-4FC6-45E9-A01E-4A08F96F8DDA}.Debug|x64.Build.0 = Debug|x64
		{6D6E5E22-4FC6-45E9-A01E-4A08F96F8DDA}.Debug|x86.ActiveCfg = Debug|Win32
		{6D6E5E22-4FC6-45E9-A01E-4A08F96F8DDA}.Debug|x86.Build.0 = Debug|Win32
		{6D6E5E22-4FC6-45E9-A01E-4A08F96F8DDA}.Release|x64.ActiveCfg = Release|x64
		{6D6E5E22-4FC6-45E9-A01E-4A08F96F8DDA}.Release|x64.Build.0 = Release|x64
		{6D6E5E22-4FC6-45E9-A01E-4A08F96F8DDA}.Release|x86.ActiveCfg = Release|Win32
		{6D6E5E22-4FC6-45E9-A01E-4A08F96F8DDA}.Release|x86.Build.0 = Release|Win32
	EndGlobalSection
	GlobalSection(SolutionProperties) = preSolution
		HideSolutionNode = FALSE
	EndGlobalSection
	GlobalSection(ExtensibilityGlobals) = postSolution
		SolutionGuid = {53C33E0A-7FF7-49AD-8612-EB49654D9FCD}
	EndGlobalSection
EndGlobal
