
Microsoft Visual Studio Solution File, Format Version 12.00
# Visual Studio 15
VisualStudioVersion = 15.0.28010.2046
MinimumVisualStudioVersion = 10.0.40219.1
Project("{FAE04EC0-301F-11D3-BF4B-00C04F79EFBC}") = "Стрельба", "Стрельба\Стрельба.csproj", "{535959E2-09CF-4105-85E6-F390A6F5DF97}"
EndProject
Global
	GlobalSection(SolutionConfigurationPlatforms) = preSolution
		Debug|Any CPU = Debug|Any CPU
		Release|Any CPU = Release|Any CPU
	EndGlobalSection
	GlobalSection(ProjectConfigurationPlatforms) = postSolution
		{535959E2-09CF-4105-85E6-F390A6F5DF97}.Debug|Any CPU.ActiveCfg = Debug|Any CPU
		{535959E2-09CF-4105-85E6-F390A6F5DF97}.Debug|Any CPU.Build.0 = Debug|Any CPU
		{535959E2-09CF-4105-85E6-F390A6F5DF97}.Release|Any CPU.ActiveCfg = Release|Any CPU
		{535959E2-09CF-4105-85E6-F390A6F5DF97}.Release|Any CPU.Build.0 = Release|Any CPU
	EndGlobalSection
	GlobalSection(SolutionProperties) = preSolution
		HideSolutionNode = FALSE
	EndGlobalSection
	GlobalSection(ExtensibilityGlobals) = postSolution
		SolutionGuid = {38517B81-D197-43F4-89C6-EB3A2AB67361}
	EndGlobalSection
EndGlobal
