
Microsoft Visual Studio Solution File, Format Version 12.00
# Visual Studio 15
VisualStudioVersion = 15.0.28010.2019
MinimumVisualStudioVersion = 10.0.40219.1
Project("{8BC9CEB8-8B4A-11D0-8D11-00A0C91BC942}") = "Project2", "Project2\Project2.vcxproj", "{28B92A3A-717A-436A-857A-5AF8F9371993}"
EndProject
Global
	GlobalSection(SolutionConfigurationPlatforms) = preSolution
		Debug|x64 = Debug|x64
		Debug|x86 = Debug|x86
		Release|x64 = Release|x64
		Release|x86 = Release|x86
	EndGlobalSection
	GlobalSection(ProjectConfigurationPlatforms) = postSolution
		{28B92A3A-717A-436A-857A-5AF8F9371993}.Debug|x64.ActiveCfg = Debug|x64
		{28B92A3A-717A-436A-857A-5AF8F9371993}.Debug|x64.Build.0 = Debug|x64
		{28B92A3A-717A-436A-857A-5AF8F9371993}.Debug|x86.ActiveCfg = Debug|Win32
		{28B92A3A-717A-436A-857A-5AF8F9371993}.Debug|x86.Build.0 = Debug|Win32
		{28B92A3A-717A-436A-857A-5AF8F9371993}.Release|x64.ActiveCfg = Release|x64
		{28B92A3A-717A-436A-857A-5AF8F9371993}.Release|x64.Build.0 = Release|x64
		{28B92A3A-717A-436A-857A-5AF8F9371993}.Release|x86.ActiveCfg = Release|Win32
		{28B92A3A-717A-436A-857A-5AF8F9371993}.Release|x86.Build.0 = Release|Win32
	EndGlobalSection
	GlobalSection(SolutionProperties) = preSolution
		HideSolutionNode = FALSE
	EndGlobalSection
	GlobalSection(ExtensibilityGlobals) = postSolution
		SolutionGuid = {EFD246F1-34E3-4D7D-9823-8A8868380BC7}
	EndGlobalSection
EndGlobal
