
Microsoft Visual Studio Solution File, Format Version 12.00
# Visual Studio 15
VisualStudioVersion = 15.0.28010.2046
MinimumVisualStudioVersion = 10.0.40219.1
Project("{FAE04EC0-301F-11D3-BF4B-00C04F79EFBC}") = "Вы дурак", "Вы дурак\Вы дурак.csproj", "{FBB52E7F-45C9-4369-A9F7-82C63E65A15E}"
EndProject
Global
	GlobalSection(SolutionConfigurationPlatforms) = preSolution
		Debug|Any CPU = Debug|Any CPU
		Release|Any CPU = Release|Any CPU
	EndGlobalSection
	GlobalSection(ProjectConfigurationPlatforms) = postSolution
		{FBB52E7F-45C9-4369-A9F7-82C63E65A15E}.Debug|Any CPU.ActiveCfg = Debug|Any CPU
		{FBB52E7F-45C9-4369-A9F7-82C63E65A15E}.Debug|Any CPU.Build.0 = Debug|Any CPU
		{FBB52E7F-45C9-4369-A9F7-82C63E65A15E}.Release|Any CPU.ActiveCfg = Release|Any CPU
		{FBB52E7F-45C9-4369-A9F7-82C63E65A15E}.Release|Any CPU.Build.0 = Release|Any CPU
	EndGlobalSection
	GlobalSection(SolutionProperties) = preSolution
		HideSolutionNode = FALSE
	EndGlobalSection
	GlobalSection(ExtensibilityGlobals) = postSolution
		SolutionGuid = {7E59A551-F1A3-4AAC-9770-3AC92B28E7A1}
	EndGlobalSection
EndGlobal
