
Microsoft Visual Studio Solution File, Format Version 12.00
# Visual Studio 15
VisualStudioVersion = 15.0.28010.2046
MinimumVisualStudioVersion = 10.0.40219.1
Project("{8BC9CEB8-8B4A-11D0-8D11-00A0C91BC942}") = "Squares", "Squares\Squares.vcxproj", "{B78E0D99-3456-4F8D-9E4B-F1DD6CA6C1C1}"
EndProject
Global
	GlobalSection(SolutionConfigurationPlatforms) = preSolution
		Debug|x64 = Debug|x64
		Debug|x86 = Debug|x86
		Release|x64 = Release|x64
		Release|x86 = Release|x86
	EndGlobalSection
	GlobalSection(ProjectConfigurationPlatforms) = postSolution
		{B78E0D99-3456-4F8D-9E4B-F1DD6CA6C1C1}.Debug|x64.ActiveCfg = Debug|x64
		{B78E0D99-3456-4F8D-9E4B-F1DD6CA6C1C1}.Debug|x64.Build.0 = Debug|x64
		{B78E0D99-3456-4F8D-9E4B-F1DD6CA6C1C1}.Debug|x86.ActiveCfg = Debug|Win32
		{B78E0D99-3456-4F8D-9E4B-F1DD6CA6C1C1}.Debug|x86.Build.0 = Debug|Win32
		{B78E0D99-3456-4F8D-9E4B-F1DD6CA6C1C1}.Release|x64.ActiveCfg = Release|x64
		{B78E0D99-3456-4F8D-9E4B-F1DD6CA6C1C1}.Release|x64.Build.0 = Release|x64
		{B78E0D99-3456-4F8D-9E4B-F1DD6CA6C1C1}.Release|x86.ActiveCfg = Release|Win32
		{B78E0D99-3456-4F8D-9E4B-F1DD6CA6C1C1}.Release|x86.Build.0 = Release|Win32
	EndGlobalSection
	GlobalSection(SolutionProperties) = preSolution
		HideSolutionNode = FALSE
	EndGlobalSection
	GlobalSection(ExtensibilityGlobals) = postSolution
		SolutionGuid = {C0C96CB4-0026-4D0F-95E9-9C4730203BA0}
	EndGlobalSection
EndGlobal
