
Microsoft Visual Studio Solution File, Format Version 12.00
# Visual Studio 15
VisualStudioVersion = 15.0.28010.2046
MinimumVisualStudioVersion = 10.0.40219.1
Project("{8BC9CEB8-8B4A-11D0-8D11-00A0C91BC942}") = "Project1", "Project1\Project1.vcxproj", "{957A0E57-E576-4DC2-8272-E54EEA3502F7}"
EndProject
Global
	GlobalSection(SolutionConfigurationPlatforms) = preSolution
		Debug|x64 = Debug|x64
		Debug|x86 = Debug|x86
		Release|x64 = Release|x64
		Release|x86 = Release|x86
	EndGlobalSection
	GlobalSection(ProjectConfigurationPlatforms) = postSolution
		{957A0E57-E576-4DC2-8272-E54EEA3502F7}.Debug|x64.ActiveCfg = Debug|x64
		{957A0E57-E576-4DC2-8272-E54EEA3502F7}.Debug|x64.Build.0 = Debug|x64
		{957A0E57-E576-4DC2-8272-E54EEA3502F7}.Debug|x86.ActiveCfg = Debug|Win32
		{957A0E57-E576-4DC2-8272-E54EEA3502F7}.Debug|x86.Build.0 = Debug|Win32
		{957A0E57-E576-4DC2-8272-E54EEA3502F7}.Release|x64.ActiveCfg = Release|x64
		{957A0E57-E576-4DC2-8272-E54EEA3502F7}.Release|x64.Build.0 = Release|x64
		{957A0E57-E576-4DC2-8272-E54EEA3502F7}.Release|x86.ActiveCfg = Release|Win32
		{957A0E57-E576-4DC2-8272-E54EEA3502F7}.Release|x86.Build.0 = Release|Win32
	EndGlobalSection
	GlobalSection(SolutionProperties) = preSolution
		HideSolutionNode = FALSE
	EndGlobalSection
	GlobalSection(ExtensibilityGlobals) = postSolution
		SolutionGuid = {4C839BE5-CA60-4BFE-8D89-B1E39E0D0F00}
	EndGlobalSection
EndGlobal
