
Microsoft Visual Studio Solution File, Format Version 12.00
# Visual Studio 15
VisualStudioVersion = 15.0.28010.2046
MinimumVisualStudioVersion = 10.0.40219.1
Project("{8BC9CEB8-8B4A-11D0-8D11-00A0C91BC942}") = "0_Hello_World", "0_Hello_World\0_Hello_World.vcxproj", "{339BEC5B-D859-4FF7-A3A9-926D2E990FCB}"
EndProject
Project("{8BC9CEB8-8B4A-11D0-8D11-00A0C91BC942}") = "1_Barrier", "1_Barrier\1_Barrier.vcxproj", "{4AEB60C7-CE3B-470B-8D4A-D1176F114C3B}"
EndProject
Project("{8BC9CEB8-8B4A-11D0-8D11-00A0C91BC942}") = "2_SendRecv", "2_SendRecv\2_SendRecv.vcxproj", "{E8FCC278-0357-4F7C-8631-797DDA3CD1A1}"
EndProject
Project("{8BC9CEB8-8B4A-11D0-8D11-00A0C91BC942}") = "3_Tags", "3_Tags\3_Tags.vcxproj", "{0A42CF5D-9ABD-4637-867F-78858D23FF07}"
EndProject
Project("{8BC9CEB8-8B4A-11D0-8D11-00A0C91BC942}") = "4_Broadcast", "4_Broadcast\4_Broadcast.vcxproj", "{3D5D5105-3BFF-419A-BCC5-B5481F93F50C}"
EndProject
Project("{8BC9CEB8-8B4A-11D0-8D11-00A0C91BC942}") = "5_Time", "5_Time\5_Time.vcxproj", "{1C1A4093-27C4-4816-A7B8-8345BC5A8AFC}"
EndProject
Project("{8BC9CEB8-8B4A-11D0-8D11-00A0C91BC942}") = "6_Message_Size", "6_Message_Size\6_Message_Size.vcxproj", "{75596475-538F-4A15-8B16-64B0EDEB0224}"
EndProject
Project("{8BC9CEB8-8B4A-11D0-8D11-00A0C91BC942}") = "7_Scatter_Gather", "7_Scatter_Gather\7_Scatter_Gather.vcxproj", "{943CAF0A-36D0-4FD1-BC17-1CF56722C055}"
EndProject
Project("{8BC9CEB8-8B4A-11D0-8D11-00A0C91BC942}") = "8_Reduce", "8_Reduce\8_Reduce.vcxproj", "{09BBC67C-4D4A-4067-9B93-C1C3B9F08749}"
EndProject
Project("{8BC9CEB8-8B4A-11D0-8D11-00A0C91BC942}") = "9_Groups", "9_Groups\9_Groups.vcxproj", "{73E07F49-84B0-4EBB-9DC8-824D5A30FDBE}"
EndProject
Project("{8BC9CEB8-8B4A-11D0-8D11-00A0C91BC942}") = "A_Virtual_Topology", "A_Virtual_Topology\A_Virtual_Topology.vcxproj", "{788E66C2-E812-443C-9053-CAEC4C0774E3}"
EndProject
Project("{8BC9CEB8-8B4A-11D0-8D11-00A0C91BC942}") = "Variant_5", "Variant_5\Variant_5.vcxproj", "{086889E5-6960-4086-91DD-AEDEFC5D2E55}"
EndProject
Global
	GlobalSection(SolutionConfigurationPlatforms) = preSolution
		Debug|x64 = Debug|x64
		Debug|x86 = Debug|x86
		Release|x64 = Release|x64
		Release|x86 = Release|x86
	EndGlobalSection
	GlobalSection(ProjectConfigurationPlatforms) = postSolution
		{339BEC5B-D859-4FF7-A3A9-926D2E990FCB}.Debug|x64.ActiveCfg = Debug|x64
		{339BEC5B-D859-4FF7-A3A9-926D2E990FCB}.Debug|x64.Build.0 = Debug|x64
		{339BEC5B-D859-4FF7-A3A9-926D2E990FCB}.Debug|x86.ActiveCfg = Debug|Win32
		{339BEC5B-D859-4FF7-A3A9-926D2E990FCB}.Debug|x86.Build.0 = Debug|Win32
		{339BEC5B-D859-4FF7-A3A9-926D2E990FCB}.Release|x64.ActiveCfg = Release|x64
		{339BEC5B-D859-4FF7-A3A9-926D2E990FCB}.Release|x64.Build.0 = Release|x64
		{339BEC5B-D859-4FF7-A3A9-926D2E990FCB}.Release|x86.ActiveCfg = Release|Win32
		{339BEC5B-D859-4FF7-A3A9-926D2E990FCB}.Release|x86.Build.0 = Release|Win32
		{4AEB60C7-CE3B-470B-8D4A-D1176F114C3B}.Debug|x64.ActiveCfg = Debug|x64
		{4AEB60C7-CE3B-470B-8D4A-D1176F114C3B}.Debug|x64.Build.0 = Debug|x64
		{4AEB60C7-CE3B-470B-8D4A-D1176F114C3B}.Debug|x86.ActiveCfg = Debug|Win32
		{4AEB60C7-CE3B-470B-8D4A-D1176F114C3B}.Debug|x86.Build.0 = Debug|Win32
		{4AEB60C7-CE3B-470B-8D4A-D1176F114C3B}.Release|x64.ActiveCfg = Release|x64
		{4AEB60C7-CE3B-470B-8D4A-D1176F114C3B}.Release|x64.Build.0 = Release|x64
		{4AEB60C7-CE3B-470B-8D4A-D1176F114C3B}.Release|x86.ActiveCfg = Release|Win32
		{4AEB60C7-CE3B-470B-8D4A-D1176F114C3B}.Release|x86.Build.0 = Release|Win32
		{E8FCC278-0357-4F7C-8631-797DDA3CD1A1}.Debug|x64.ActiveCfg = Debug|x64
		{E8FCC278-0357-4F7C-8631-797DDA3CD1A1}.Debug|x64.Build.0 = Debug|x64
		{E8FCC278-0357-4F7C-8631-797DDA3CD1A1}.Debug|x86.ActiveCfg = Debug|Win32
		{E8FCC278-0357-4F7C-8631-797DDA3CD1A1}.Debug|x86.Build.0 = Debug|Win32
		{E8FCC278-0357-4F7C-8631-797DDA3CD1A1}.Release|x64.ActiveCfg = Release|x64
		{E8FCC278-0357-4F7C-8631-797DDA3CD1A1}.Release|x64.Build.0 = Release|x64
		{E8FCC278-0357-4F7C-8631-797DDA3CD1A1}.Release|x86.ActiveCfg = Release|Win32
		{E8FCC278-0357-4F7C-8631-797DDA3CD1A1}.Release|x86.Build.0 = Release|Win32
		{0A42CF5D-9ABD-4637-867F-78858D23FF07}.Debug|x64.ActiveCfg = Debug|x64
		{0A42CF5D-9ABD-4637-867F-78858D23FF07}.Debug|x64.Build.0 = Debug|x64
		{0A42CF5D-9ABD-4637-867F-78858D23FF07}.Debug|x86.ActiveCfg = Debug|Win32
		{0A42CF5D-9ABD-4637-867F-78858D23FF07}.Debug|x86.Build.0 = Debug|Win32
		{0A42CF5D-9ABD-4637-867F-78858D23FF07}.Release|x64.ActiveCfg = Release|x64
		{0A42CF5D-9ABD-4637-867F-78858D23FF07}.Release|x64.Build.0 = Release|x64
		{0A42CF5D-9ABD-4637-867F-78858D23FF07}.Release|x86.ActiveCfg = Release|Win32
		{0A42CF5D-9ABD-4637-867F-78858D23FF07}.Release|x86.Build.0 = Release|Win32
		{3D5D5105-3BFF-419A-BCC5-B5481F93F50C}.Debug|x64.ActiveCfg = Debug|x64
		{3D5D5105-3BFF-419A-BCC5-B5481F93F50C}.Debug|x64.Build.0 = Debug|x64
		{3D5D5105-3BFF-419A-BCC5-B5481F93F50C}.Debug|x86.ActiveCfg = Debug|Win32
		{3D5D5105-3BFF-419A-BCC5-B5481F93F50C}.Debug|x86.Build.0 = Debug|Win32
		{3D5D5105-3BFF-419A-BCC5-B5481F93F50C}.Release|x64.ActiveCfg = Release|x64
		{3D5D5105-3BFF-419A-BCC5-B5481F93F50C}.Release|x64.Build.0 = Release|x64
		{3D5D5105-3BFF-419A-BCC5-B5481F93F50C}.Release|x86.ActiveCfg = Release|Win32
		{3D5D5105-3BFF-419A-BCC5-B5481F93F50C}.Release|x86.Build.0 = Release|Win32
		{1C1A4093-27C4-4816-A7B8-8345BC5A8AFC}.Debug|x64.ActiveCfg = Debug|x64
		{1C1A4093-27C4-4816-A7B8-8345BC5A8AFC}.Debug|x64.Build.0 = Debug|x64
		{1C1A4093-27C4-4816-A7B8-8345BC5A8AFC}.Debug|x86.ActiveCfg = Debug|Win32
		{1C1A4093-27C4-4816-A7B8-8345BC5A8AFC}.Debug|x86.Build.0 = Debug|Win32
		{1C1A4093-27C4-4816-A7B8-8345BC5A8AFC}.Release|x64.ActiveCfg = Release|x64
		{1C1A4093-27C4-4816-A7B8-8345BC5A8AFC}.Release|x64.Build.0 = Release|x64
		{1C1A4093-27C4-4816-A7B8-8345BC5A8AFC}.Release|x86.ActiveCfg = Release|Win32
		{1C1A4093-27C4-4816-A7B8-8345BC5A8AFC}.Release|x86.Build.0 = Release|Win32
		{75596475-538F-4A15-8B16-64B0EDEB0224}.Debug|x64.ActiveCfg = Debug|x64
		{75596475-538F-4A15-8B16-64B0EDEB0224}.Debug|x64.Build.0 = Debug|x64
		{75596475-538F-4A15-8B16-64B0EDEB0224}.Debug|x86.ActiveCfg = Debug|Win32
		{75596475-538F-4A15-8B16-64B0EDEB0224}.Debug|x86.Build.0 = Debug|Win32
		{75596475-538F-4A15-8B16-64B0EDEB0224}.Release|x64.ActiveCfg = Release|x64
		{75596475-538F-4A15-8B16-64B0EDEB0224}.Release|x64.Build.0 = Release|x64
		{75596475-538F-4A15-8B16-64B0EDEB0224}.Release|x86.ActiveCfg = Release|Win32
		{75596475-538F-4A15-8B16-64B0EDEB0224}.Release|x86.Build.0 = Release|Win32
		{943CAF0A-36D0-4FD1-BC17-1CF56722C055}.Debug|x64.ActiveCfg = Debug|x64
		{943CAF0A-36D0-4FD1-BC17-1CF56722C055}.Debug|x64.Build.0 = Debug|x64
		{943CAF0A-36D0-4FD1-BC17-1CF56722C055}.Debug|x86.ActiveCfg = Debug|Win32
		{943CAF0A-36D0-4FD1-BC17-1CF56722C055}.Debug|x86.Build.0 = Debug|Win32
		{943CAF0A-36D0-4FD1-BC17-1CF56722C055}.Release|x64.ActiveCfg = Release|x64
		{943CAF0A-36D0-4FD1-BC17-1CF56722C055}.Release|x64.Build.0 = Release|x64
		{943CAF0A-36D0-4FD1-BC17-1CF56722C055}.Release|x86.ActiveCfg = Release|Win32
		{943CAF0A-36D0-4FD1-BC17-1CF56722C055}.Release|x86.Build.0 = Release|Win32
		{09BBC67C-4D4A-4067-9B93-C1C3B9F08749}.Debug|x64.ActiveCfg = Debug|x64
		{09BBC67C-4D4A-4067-9B93-C1C3B9F08749}.Debug|x64.Build.0 = Debug|x64
		{09BBC67C-4D4A-4067-9B93-C1C3B9F08749}.Debug|x86.ActiveCfg = Debug|Win32
		{09BBC67C-4D4A-4067-9B93-C1C3B9F08749}.Debug|x86.Build.0 = Debug|Win32
		{09BBC67C-4D4A-4067-9B93-C1C3B9F08749}.Release|x64.ActiveCfg = Release|x64
		{09BBC67C-4D4A-4067-9B93-C1C3B9F08749}.Release|x64.Build.0 = Release|x64
		{09BBC67C-4D4A-4067-9B93-C1C3B9F08749}.Release|x86.ActiveCfg = Release|Win32
		{09BBC67C-4D4A-4067-9B93-C1C3B9F08749}.Release|x86.Build.0 = Release|Win32
		{73E07F49-84B0-4EBB-9DC8-824D5A30FDBE}.Debug|x64.ActiveCfg = Debug|x64
		{73E07F49-84B0-4EBB-9DC8-824D5A30FDBE}.Debug|x64.Build.0 = Debug|x64
		{73E07F49-84B0-4EBB-9DC8-824D5A30FDBE}.Debug|x86.ActiveCfg = Debug|Win32
		{73E07F49-84B0-4EBB-9DC8-824D5A30FDBE}.Debug|x86.Build.0 = Debug|Win32
		{73E07F49-84B0-4EBB-9DC8-824D5A30FDBE}.Release|x64.ActiveCfg = Release|x64
		{73E07F49-84B0-4EBB-9DC8-824D5A30FDBE}.Release|x64.Build.0 = Release|x64
		{73E07F49-84B0-4EBB-9DC8-824D5A30FDBE}.Release|x86.ActiveCfg = Release|Win32
		{73E07F49-84B0-4EBB-9DC8-824D5A30FDBE}.Release|x86.Build.0 = Release|Win32
		{788E66C2-E812-443C-9053-CAEC4C0774E3}.Debug|x64.ActiveCfg = Debug|x64
		{788E66C2-E812-443C-9053-CAEC4C0774E3}.Debug|x64.Build.0 = Debug|x64
		{788E66C2-E812-443C-9053-CAEC4C0774E3}.Debug|x86.ActiveCfg = Debug|Win32
		{788E66C2-E812-443C-9053-CAEC4C0774E3}.Debug|x86.Build.0 = Debug|Win32
		{788E66C2-E812-443C-9053-CAEC4C0774E3}.Release|x64.ActiveCfg = Release|x64
		{788E66C2-E812-443C-9053-CAEC4C0774E3}.Release|x64.Build.0 = Release|x64
		{788E66C2-E812-443C-9053-CAEC4C0774E3}.Release|x86.ActiveCfg = Release|Win32
		{788E66C2-E812-443C-9053-CAEC4C0774E3}.Release|x86.Build.0 = Release|Win32
		{086889E5-6960-4086-91DD-AEDEFC5D2E55}.Debug|x64.ActiveCfg = Debug|x64
		{086889E5-6960-4086-91DD-AEDEFC5D2E55}.Debug|x64.Build.0 = Debug|x64
		{086889E5-6960-4086-91DD-AEDEFC5D2E55}.Debug|x86.ActiveCfg = Debug|Win32
		{086889E5-6960-4086-91DD-AEDEFC5D2E55}.Debug|x86.Build.0 = Debug|Win32
		{086889E5-6960-4086-91DD-AEDEFC5D2E55}.Release|x64.ActiveCfg = Release|x64
		{086889E5-6960-4086-91DD-AEDEFC5D2E55}.Release|x64.Build.0 = Release|x64
		{086889E5-6960-4086-91DD-AEDEFC5D2E55}.Release|x86.ActiveCfg = Release|Win32
		{086889E5-6960-4086-91DD-AEDEFC5D2E55}.Release|x86.Build.0 = Release|Win32
	EndGlobalSection
	GlobalSection(SolutionProperties) = preSolution
		HideSolutionNode = FALSE
	EndGlobalSection
	GlobalSection(ExtensibilityGlobals) = postSolution
		SolutionGuid = {2DD62D72-712E-44E8-9C1D-49D17E5B50D1}
	EndGlobalSection
EndGlobal
