
Microsoft Visual Studio Solution File, Format Version 12.00
# Visual Studio 15
VisualStudioVersion = 15.0.28307.572
MinimumVisualStudioVersion = 10.0.40219.1
Project("{FAE04EC0-301F-11D3-BF4B-00C04F79EFBC}") = "KR_4", "KR_4\KR_4.csproj", "{83BE9F88-195C-4F7C-A999-EF0C5F414930}"
EndProject
Global
	GlobalSection(SolutionConfigurationPlatforms) = preSolution
		Debug|Any CPU = Debug|Any CPU
		Release|Any CPU = Release|Any CPU
	EndGlobalSection
	GlobalSection(ProjectConfigurationPlatforms) = postSolution
		{83BE9F88-195C-4F7C-A999-EF0C5F414930}.Debug|Any CPU.ActiveCfg = Debug|Any CPU
		{83BE9F88-195C-4F7C-A999-EF0C5F414930}.Debug|Any CPU.Build.0 = Debug|Any CPU
		{83BE9F88-195C-4F7C-A999-EF0C5F414930}.Release|Any CPU.ActiveCfg = Release|Any CPU
		{83BE9F88-195C-4F7C-A999-EF0C5F414930}.Release|Any CPU.Build.0 = Release|Any CPU
	EndGlobalSection
	GlobalSection(SolutionProperties) = preSolution
		HideSolutionNode = FALSE
	EndGlobalSection
	GlobalSection(ExtensibilityGlobals) = postSolution
		SolutionGuid = {0A991500-9F86-40C9-8DBD-9ECE142E0748}
	EndGlobalSection
EndGlobal
