
Microsoft Visual Studio Solution File, Format Version 12.00
# Visual Studio 15
VisualStudioVersion = 15.0.28010.2046
MinimumVisualStudioVersion = 10.0.40219.1
Project("{FAE04EC0-301F-11D3-BF4B-00C04F79EFBC}") = "Happy_Birthday_Hira_Form", "Happy_Birthday_Hira_Form\Happy_Birthday_Hira_Form.csproj", "{E5689803-E14D-4702-8052-F49BB0A9A853}"
EndProject
Global
	GlobalSection(SolutionConfigurationPlatforms) = preSolution
		Debug|Any CPU = Debug|Any CPU
		Release|Any CPU = Release|Any CPU
	EndGlobalSection
	GlobalSection(ProjectConfigurationPlatforms) = postSolution
		{E5689803-E14D-4702-8052-F49BB0A9A853}.Debug|Any CPU.ActiveCfg = Debug|Any CPU
		{E5689803-E14D-4702-8052-F49BB0A9A853}.Debug|Any CPU.Build.0 = Debug|Any CPU
		{E5689803-E14D-4702-8052-F49BB0A9A853}.Release|Any CPU.ActiveCfg = Release|Any CPU
		{E5689803-E14D-4702-8052-F49BB0A9A853}.Release|Any CPU.Build.0 = Release|Any CPU
	EndGlobalSection
	GlobalSection(SolutionProperties) = preSolution
		HideSolutionNode = FALSE
	EndGlobalSection
	GlobalSection(ExtensibilityGlobals) = postSolution
		SolutionGuid = {0A28B374-61F5-43AF-BE81-C22F0AF10C0D}
	EndGlobalSection
EndGlobal
