
Microsoft Visual Studio Solution File, Format Version 12.00
# Visual Studio 15
VisualStudioVersion = 15.0.28010.2046
MinimumVisualStudioVersion = 10.0.40219.1
Project("{FAE04EC0-301F-11D3-BF4B-00C04F79EFBC}") = "Lab_Flags", "Lab_Flags\Lab_Flags.csproj", "{2E5215C9-6891-4E6C-A315-D931CBC699CA}"
EndProject
Global
	GlobalSection(SolutionConfigurationPlatforms) = preSolution
		Debug|Any CPU = Debug|Any CPU
		Release|Any CPU = Release|Any CPU
	EndGlobalSection
	GlobalSection(ProjectConfigurationPlatforms) = postSolution
		{2E5215C9-6891-4E6C-A315-D931CBC699CA}.Debug|Any CPU.ActiveCfg = Debug|Any CPU
		{2E5215C9-6891-4E6C-A315-D931CBC699CA}.Debug|Any CPU.Build.0 = Debug|Any CPU
		{2E5215C9-6891-4E6C-A315-D931CBC699CA}.Release|Any CPU.ActiveCfg = Release|Any CPU
		{2E5215C9-6891-4E6C-A315-D931CBC699CA}.Release|Any CPU.Build.0 = Release|Any CPU
	EndGlobalSection
	GlobalSection(SolutionProperties) = preSolution
		HideSolutionNode = FALSE
	EndGlobalSection
	GlobalSection(ExtensibilityGlobals) = postSolution
		SolutionGuid = {8F07F4C5-9667-4AD1-9BB8-40CB90D89135}
	EndGlobalSection
EndGlobal
