
Microsoft Visual Studio Solution File, Format Version 12.00
# Visual Studio 15
VisualStudioVersion = 15.0.28010.2046
MinimumVisualStudioVersion = 10.0.40219.1
Project("{FAE04EC0-301F-11D3-BF4B-00C04F79EFBC}") = "Zhukovskiy_13_Group (V 1-1)", "Zhukovskiy_13_Group\Zhukovskiy_13_Group (V 1-1).csproj", "{318BB552-51FA-4D46-B0E6-2AF2839CA06B}"
EndProject
Global
	GlobalSection(SolutionConfigurationPlatforms) = preSolution
		Debug|Any CPU = Debug|Any CPU
		Release|Any CPU = Release|Any CPU
	EndGlobalSection
	GlobalSection(ProjectConfigurationPlatforms) = postSolution
		{318BB552-51FA-4D46-B0E6-2AF2839CA06B}.Debug|Any CPU.ActiveCfg = Debug|Any CPU
		{318BB552-51FA-4D46-B0E6-2AF2839CA06B}.Debug|Any CPU.Build.0 = Debug|Any CPU
		{318BB552-51FA-4D46-B0E6-2AF2839CA06B}.Release|Any CPU.ActiveCfg = Release|Any CPU
		{318BB552-51FA-4D46-B0E6-2AF2839CA06B}.Release|Any CPU.Build.0 = Release|Any CPU
	EndGlobalSection
	GlobalSection(SolutionProperties) = preSolution
		HideSolutionNode = FALSE
	EndGlobalSection
	GlobalSection(ExtensibilityGlobals) = postSolution
		SolutionGuid = {4699D97F-DEED-406A-85E5-75EB7CADFB25}
	EndGlobalSection
EndGlobal
