
Microsoft Visual Studio Solution File, Format Version 12.00
# Visual Studio 15
VisualStudioVersion = 15.0.28010.2019
MinimumVisualStudioVersion = 10.0.40219.1
Project("{8BC9CEB8-8B4A-11D0-8D11-00A0C91BC942}") = "Задание_1", "Project1\Project1.vcxproj", "{017D28DD-F321-412B-AF55-30B5BA9DB6DD}"
EndProject
Project("{8BC9CEB8-8B4A-11D0-8D11-00A0C91BC942}") = "Задание_2", "..\Project2\Project2\Project2.vcxproj", "{28B92A3A-717A-436A-857A-5AF8F9371993}"
EndProject
Project("{8BC9CEB8-8B4A-11D0-8D11-00A0C91BC942}") = "Задание_3", "..\Project3\Project3\Project3.vcxproj", "{3AE7B5C6-C2A8-4B49-B7FE-98E8CEDBB8B9}"
EndProject
Project("{8BC9CEB8-8B4A-11D0-8D11-00A0C91BC942}") = "Задание_13", "..\Project4\Project4\Project4.vcxproj", "{FAF2F66C-DBDD-4CD0-86B2-E376AA9972D7}"
EndProject
Global
	GlobalSection(SolutionConfigurationPlatforms) = preSolution
		Debug|x64 = Debug|x64
		Debug|x86 = Debug|x86
		Release|x64 = Release|x64
		Release|x86 = Release|x86
	EndGlobalSection
	GlobalSection(ProjectConfigurationPlatforms) = postSolution
		{017D28DD-F321-412B-AF55-30B5BA9DB6DD}.Debug|x64.ActiveCfg = Debug|x64
		{017D28DD-F321-412B-AF55-30B5BA9DB6DD}.Debug|x64.Build.0 = Debug|x64
		{017D28DD-F321-412B-AF55-30B5BA9DB6DD}.Debug|x86.ActiveCfg = Debug|Win32
		{017D28DD-F321-412B-AF55-30B5BA9DB6DD}.Debug|x86.Build.0 = Debug|Win32
		{017D28DD-F321-412B-AF55-30B5BA9DB6DD}.Release|x64.ActiveCfg = Release|x64
		{017D28DD-F321-412B-AF55-30B5BA9DB6DD}.Release|x64.Build.0 = Release|x64
		{017D28DD-F321-412B-AF55-30B5BA9DB6DD}.Release|x86.ActiveCfg = Release|Win32
		{017D28DD-F321-412B-AF55-30B5BA9DB6DD}.Release|x86.Build.0 = Release|Win32
		{28B92A3A-717A-436A-857A-5AF8F9371993}.Debug|x64.ActiveCfg = Debug|x64
		{28B92A3A-717A-436A-857A-5AF8F9371993}.Debug|x64.Build.0 = Debug|x64
		{28B92A3A-717A-436A-857A-5AF8F9371993}.Debug|x86.ActiveCfg = Debug|Win32
		{28B92A3A-717A-436A-857A-5AF8F9371993}.Debug|x86.Build.0 = Debug|Win32
		{28B92A3A-717A-436A-857A-5AF8F9371993}.Release|x64.ActiveCfg = Release|x64
		{28B92A3A-717A-436A-857A-5AF8F9371993}.Release|x64.Build.0 = Release|x64
		{28B92A3A-717A-436A-857A-5AF8F9371993}.Release|x86.ActiveCfg = Release|Win32
		{28B92A3A-717A-436A-857A-5AF8F9371993}.Release|x86.Build.0 = Release|Win32
		{3AE7B5C6-C2A8-4B49-B7FE-98E8CEDBB8B9}.Debug|x64.ActiveCfg = Debug|x64
		{3AE7B5C6-C2A8-4B49-B7FE-98E8CEDBB8B9}.Debug|x64.Build.0 = Debug|x64
		{3AE7B5C6-C2A8-4B49-B7FE-98E8CEDBB8B9}.Debug|x86.ActiveCfg = Debug|Win32
		{3AE7B5C6-C2A8-4B49-B7FE-98E8CEDBB8B9}.Debug|x86.Build.0 = Debug|Win32
		{3AE7B5C6-C2A8-4B49-B7FE-98E8CEDBB8B9}.Release|x64.ActiveCfg = Release|x64
		{3AE7B5C6-C2A8-4B49-B7FE-98E8CEDBB8B9}.Release|x64.Build.0 = Release|x64
		{3AE7B5C6-C2A8-4B49-B7FE-98E8CEDBB8B9}.Release|x86.ActiveCfg = Release|Win32
		{3AE7B5C6-C2A8-4B49-B7FE-98E8CEDBB8B9}.Release|x86.Build.0 = Release|Win32
		{FAF2F66C-DBDD-4CD0-86B2-E376AA9972D7}.Debug|x64.ActiveCfg = Debug|x64
		{FAF2F66C-DBDD-4CD0-86B2-E376AA9972D7}.Debug|x64.Build.0 = Debug|x64
		{FAF2F66C-DBDD-4CD0-86B2-E376AA9972D7}.Debug|x86.ActiveCfg = Debug|Win32
		{FAF2F66C-DBDD-4CD0-86B2-E376AA9972D7}.Debug|x86.Build.0 = Debug|Win32
		{FAF2F66C-DBDD-4CD0-86B2-E376AA9972D7}.Release|x64.ActiveCfg = Release|x64
		{FAF2F66C-DBDD-4CD0-86B2-E376AA9972D7}.Release|x64.Build.0 = Release|x64
		{FAF2F66C-DBDD-4CD0-86B2-E376AA9972D7}.Release|x86.ActiveCfg = Release|Win32
		{FAF2F66C-DBDD-4CD0-86B2-E376AA9972D7}.Release|x86.Build.0 = Release|Win32
	EndGlobalSection
	GlobalSection(SolutionProperties) = preSolution
		HideSolutionNode = FALSE
	EndGlobalSection
	GlobalSection(ExtensibilityGlobals) = postSolution
		SolutionGuid = {B3D9055B-D62C-421B-B26E-6AD307F0D418}
	EndGlobalSection
EndGlobal
