
Microsoft Visual Studio Solution File, Format Version 12.00
# Visual Studio 15
VisualStudioVersion = 15.0.28010.2046
MinimumVisualStudioVersion = 10.0.40219.1
Project("{FAE04EC0-301F-11D3-BF4B-00C04F79EFBC}") = "Scrapyard_C_sharp", "Scrapyard_C_sharp\Scrapyard_C_sharp.csproj", "{A15BDBA1-A6EC-4779-91E0-7DC843A75B2B}"
EndProject
Global
	GlobalSection(SolutionConfigurationPlatforms) = preSolution
		Debug|Any CPU = Debug|Any CPU
		Release|Any CPU = Release|Any CPU
	EndGlobalSection
	GlobalSection(ProjectConfigurationPlatforms) = postSolution
		{A15BDBA1-A6EC-4779-91E0-7DC843A75B2B}.Debug|Any CPU.ActiveCfg = Debug|Any CPU
		{A15BDBA1-A6EC-4779-91E0-7DC843A75B2B}.Debug|Any CPU.Build.0 = Debug|Any CPU
		{A15BDBA1-A6EC-4779-91E0-7DC843A75B2B}.Release|Any CPU.ActiveCfg = Release|Any CPU
		{A15BDBA1-A6EC-4779-91E0-7DC843A75B2B}.Release|Any CPU.Build.0 = Release|Any CPU
	EndGlobalSection
	GlobalSection(SolutionProperties) = preSolution
		HideSolutionNode = FALSE
	EndGlobalSection
	GlobalSection(ExtensibilityGlobals) = postSolution
		SolutionGuid = {7566C3A0-C93B-47CF-A047-EC733D239B69}
	EndGlobalSection
EndGlobal
