
Microsoft Visual Studio Solution File, Format Version 12.00
# Visual Studio 15
VisualStudioVersion = 15.0.28307.421
MinimumVisualStudioVersion = 10.0.40219.1
Project("{FAE04EC0-301F-11D3-BF4B-00C04F79EFBC}") = "XML", "XML\XML.csproj", "{C51DF6B1-3217-4376-863A-7ECC6AB9733E}"
EndProject
Global
	GlobalSection(SolutionConfigurationPlatforms) = preSolution
		Debug|Any CPU = Debug|Any CPU
		Release|Any CPU = Release|Any CPU
	EndGlobalSection
	GlobalSection(ProjectConfigurationPlatforms) = postSolution
		{C51DF6B1-3217-4376-863A-7ECC6AB9733E}.Debug|Any CPU.ActiveCfg = Debug|Any CPU
		{C51DF6B1-3217-4376-863A-7ECC6AB9733E}.Debug|Any CPU.Build.0 = Debug|Any CPU
		{C51DF6B1-3217-4376-863A-7ECC6AB9733E}.Release|Any CPU.ActiveCfg = Release|Any CPU
		{C51DF6B1-3217-4376-863A-7ECC6AB9733E}.Release|Any CPU.Build.0 = Release|Any CPU
	EndGlobalSection
	GlobalSection(SolutionProperties) = preSolution
		HideSolutionNode = FALSE
	EndGlobalSection
	GlobalSection(ExtensibilityGlobals) = postSolution
		SolutionGuid = {BBCA6817-0908-42E5-B14B-69296FA5ABEA}
	EndGlobalSection
EndGlobal
