
Microsoft Visual Studio Solution File, Format Version 12.00
# Visual Studio 15
VisualStudioVersion = 15.0.28010.2046
MinimumVisualStudioVersion = 10.0.40219.1
Project("{FAE04EC0-301F-11D3-BF4B-00C04F79EFBC}") = "Matrix_Multiplication_Order", "Matrix_Multiplication_Order\Matrix_Multiplication_Order.csproj", "{AB9C1DDB-3463-4B19-90E4-514EEA0E39EC}"
EndProject
Global
	GlobalSection(SolutionConfigurationPlatforms) = preSolution
		Debug|Any CPU = Debug|Any CPU
		Release|Any CPU = Release|Any CPU
	EndGlobalSection
	GlobalSection(ProjectConfigurationPlatforms) = postSolution
		{AB9C1DDB-3463-4B19-90E4-514EEA0E39EC}.Debug|Any CPU.ActiveCfg = Debug|Any CPU
		{AB9C1DDB-3463-4B19-90E4-514EEA0E39EC}.Debug|Any CPU.Build.0 = Debug|Any CPU
		{AB9C1DDB-3463-4B19-90E4-514EEA0E39EC}.Release|Any CPU.ActiveCfg = Release|Any CPU
		{AB9C1DDB-3463-4B19-90E4-514EEA0E39EC}.Release|Any CPU.Build.0 = Release|Any CPU
	EndGlobalSection
	GlobalSection(SolutionProperties) = preSolution
		HideSolutionNode = FALSE
	EndGlobalSection
	GlobalSection(ExtensibilityGlobals) = postSolution
		SolutionGuid = {90AAFDB5-4F64-4DA1-BFD8-17F579A60353}
	EndGlobalSection
EndGlobal
