
Microsoft Visual Studio Solution File, Format Version 12.00
# Visual Studio 15
VisualStudioVersion = 15.0.28010.2046
MinimumVisualStudioVersion = 10.0.40219.1
Project("{FAE04EC0-301F-11D3-BF4B-00C04F79EFBC}") = "Rectangles_by_Andrey_Petrov", "Rectangles_by_Andrey_Petrov\Rectangles_by_Andrey_Petrov.csproj", "{8FCC1760-C259-4932-B629-784DD72599AE}"
EndProject
Global
	GlobalSection(SolutionConfigurationPlatforms) = preSolution
		Debug|Any CPU = Debug|Any CPU
		Release|Any CPU = Release|Any CPU
	EndGlobalSection
	GlobalSection(ProjectConfigurationPlatforms) = postSolution
		{8FCC1760-C259-4932-B629-784DD72599AE}.Debug|Any CPU.ActiveCfg = Debug|Any CPU
		{8FCC1760-C259-4932-B629-784DD72599AE}.Debug|Any CPU.Build.0 = Debug|Any CPU
		{8FCC1760-C259-4932-B629-784DD72599AE}.Release|Any CPU.ActiveCfg = Release|Any CPU
		{8FCC1760-C259-4932-B629-784DD72599AE}.Release|Any CPU.Build.0 = Release|Any CPU
	EndGlobalSection
	GlobalSection(SolutionProperties) = preSolution
		HideSolutionNode = FALSE
	EndGlobalSection
	GlobalSection(ExtensibilityGlobals) = postSolution
		SolutionGuid = {D01CAF1F-4FC9-482B-B016-8F239C607E2B}
	EndGlobalSection
EndGlobal
