
Microsoft Visual Studio Solution File, Format Version 12.00
# Visual Studio 15
VisualStudioVersion = 15.0.28010.2046
MinimumVisualStudioVersion = 10.0.40219.1
Project("{FAE04EC0-301F-11D3-BF4B-00C04F79EFBC}") = "Введение_в_IT_окошко", "Введение_в_IT_окошко\Введение_в_IT_окошко.csproj", "{33003C94-C507-4E01-8ACC-53B10A2BF75C}"
EndProject
Global
	GlobalSection(SolutionConfigurationPlatforms) = preSolution
		Debug|Any CPU = Debug|Any CPU
		Release|Any CPU = Release|Any CPU
	EndGlobalSection
	GlobalSection(ProjectConfigurationPlatforms) = postSolution
		{33003C94-C507-4E01-8ACC-53B10A2BF75C}.Debug|Any CPU.ActiveCfg = Debug|Any CPU
		{33003C94-C507-4E01-8ACC-53B10A2BF75C}.Debug|Any CPU.Build.0 = Debug|Any CPU
		{33003C94-C507-4E01-8ACC-53B10A2BF75C}.Release|Any CPU.ActiveCfg = Release|Any CPU
		{33003C94-C507-4E01-8ACC-53B10A2BF75C}.Release|Any CPU.Build.0 = Release|Any CPU
	EndGlobalSection
	GlobalSection(SolutionProperties) = preSolution
		HideSolutionNode = FALSE
	EndGlobalSection
	GlobalSection(ExtensibilityGlobals) = postSolution
		SolutionGuid = {33AE0DE6-FD49-4F69-846C-A25D4D6D7CBB}
	EndGlobalSection
EndGlobal
