
Microsoft Visual Studio Solution File, Format Version 12.00
# Visual Studio 15
VisualStudioVersion = 15.0.28010.2046
MinimumVisualStudioVersion = 10.0.40219.1
Project("{FAE04EC0-301F-11D3-BF4B-00C04F79EFBC}") = "Tree06", "Tree06\Tree06.csproj", "{27B75447-481E-4499-AA9D-7218C4201622}"
EndProject
Global
	GlobalSection(SolutionConfigurationPlatforms) = preSolution
		Debug|Any CPU = Debug|Any CPU
		Release|Any CPU = Release|Any CPU
	EndGlobalSection
	GlobalSection(ProjectConfigurationPlatforms) = postSolution
		{27B75447-481E-4499-AA9D-7218C4201622}.Debug|Any CPU.ActiveCfg = Debug|Any CPU
		{27B75447-481E-4499-AA9D-7218C4201622}.Debug|Any CPU.Build.0 = Debug|Any CPU
		{27B75447-481E-4499-AA9D-7218C4201622}.Release|Any CPU.ActiveCfg = Release|Any CPU
		{27B75447-481E-4499-AA9D-7218C4201622}.Release|Any CPU.Build.0 = Release|Any CPU
	EndGlobalSection
	GlobalSection(SolutionProperties) = preSolution
		HideSolutionNode = FALSE
	EndGlobalSection
	GlobalSection(ExtensibilityGlobals) = postSolution
		SolutionGuid = {48EBF6BC-AEBC-42C2-945D-83E205534E49}
	EndGlobalSection
EndGlobal
