
Microsoft Visual Studio Solution File, Format Version 12.00
# Visual Studio 15
VisualStudioVersion = 15.0.28010.2046
MinimumVisualStudioVersion = 10.0.40219.1
Project("{FAE04EC0-301F-11D3-BF4B-00C04F79EFBC}") = "Мониторинг боеспособности части", "Мониторинг боеспособности части\Мониторинг боеспособности части.csproj", "{AFA3D896-C20C-4C2F-8D2A-A836AFBDEAF6}"
EndProject
Global
	GlobalSection(SolutionConfigurationPlatforms) = preSolution
		Debug|Any CPU = Debug|Any CPU
		Release|Any CPU = Release|Any CPU
	EndGlobalSection
	GlobalSection(ProjectConfigurationPlatforms) = postSolution
		{AFA3D896-C20C-4C2F-8D2A-A836AFBDEAF6}.Debug|Any CPU.ActiveCfg = Debug|Any CPU
		{AFA3D896-C20C-4C2F-8D2A-A836AFBDEAF6}.Debug|Any CPU.Build.0 = Debug|Any CPU
		{AFA3D896-C20C-4C2F-8D2A-A836AFBDEAF6}.Release|Any CPU.ActiveCfg = Release|Any CPU
		{AFA3D896-C20C-4C2F-8D2A-A836AFBDEAF6}.Release|Any CPU.Build.0 = Release|Any CPU
	EndGlobalSection
	GlobalSection(SolutionProperties) = preSolution
		HideSolutionNode = FALSE
	EndGlobalSection
	GlobalSection(ExtensibilityGlobals) = postSolution
		SolutionGuid = {7F24B45A-43E0-4083-AF5A-A9BFD1F55E7C}
	EndGlobalSection
EndGlobal
