
Microsoft Visual Studio Solution File, Format Version 12.00
# Visual Studio 15
VisualStudioVersion = 15.0.28010.2046
MinimumVisualStudioVersion = 10.0.40219.1
Project("{FAE04EC0-301F-11D3-BF4B-00C04F79EFBC}") = "Sequence", "Sequence\Sequence.csproj", "{FE061A57-9913-4F73-862D-6F62ADA22F83}"
EndProject
Global
	GlobalSection(SolutionConfigurationPlatforms) = preSolution
		Debug|Any CPU = Debug|Any CPU
		Release|Any CPU = Release|Any CPU
	EndGlobalSection
	GlobalSection(ProjectConfigurationPlatforms) = postSolution
		{FE061A57-9913-4F73-862D-6F62ADA22F83}.Debug|Any CPU.ActiveCfg = Debug|Any CPU
		{FE061A57-9913-4F73-862D-6F62ADA22F83}.Debug|Any CPU.Build.0 = Debug|Any CPU
		{FE061A57-9913-4F73-862D-6F62ADA22F83}.Release|Any CPU.ActiveCfg = Release|Any CPU
		{FE061A57-9913-4F73-862D-6F62ADA22F83}.Release|Any CPU.Build.0 = Release|Any CPU
	EndGlobalSection
	GlobalSection(SolutionProperties) = preSolution
		HideSolutionNode = FALSE
	EndGlobalSection
	GlobalSection(ExtensibilityGlobals) = postSolution
		SolutionGuid = {1058C89C-107E-4E5D-900F-7715FC523CCB}
	EndGlobalSection
EndGlobal
