
Microsoft Visual Studio Solution File, Format Version 12.00
# Visual Studio 15
VisualStudioVersion = 15.0.28010.2046
MinimumVisualStudioVersion = 10.0.40219.1
Project("{8BC9CEB8-8B4A-11D0-8D11-00A0C91BC942}") = "Classes_ocheredi", "Classes_ocheredi\Classes_ocheredi.vcxproj", "{2272BB50-2866-4151-B9CC-E8751C2117A0}"
EndProject
Global
	GlobalSection(SolutionConfigurationPlatforms) = preSolution
		Debug|x64 = Debug|x64
		Debug|x86 = Debug|x86
		Release|x64 = Release|x64
		Release|x86 = Release|x86
	EndGlobalSection
	GlobalSection(ProjectConfigurationPlatforms) = postSolution
		{2272BB50-2866-4151-B9CC-E8751C2117A0}.Debug|x64.ActiveCfg = Debug|x64
		{2272BB50-2866-4151-B9CC-E8751C2117A0}.Debug|x64.Build.0 = Debug|x64
		{2272BB50-2866-4151-B9CC-E8751C2117A0}.Debug|x86.ActiveCfg = Debug|Win32
		{2272BB50-2866-4151-B9CC-E8751C2117A0}.Debug|x86.Build.0 = Debug|Win32
		{2272BB50-2866-4151-B9CC-E8751C2117A0}.Release|x64.ActiveCfg = Release|x64
		{2272BB50-2866-4151-B9CC-E8751C2117A0}.Release|x64.Build.0 = Release|x64
		{2272BB50-2866-4151-B9CC-E8751C2117A0}.Release|x86.ActiveCfg = Release|Win32
		{2272BB50-2866-4151-B9CC-E8751C2117A0}.Release|x86.Build.0 = Release|Win32
	EndGlobalSection
	GlobalSection(SolutionProperties) = preSolution
		HideSolutionNode = FALSE
	EndGlobalSection
	GlobalSection(ExtensibilityGlobals) = postSolution
		SolutionGuid = {1C9B6F10-CFB6-477D-BBE5-259040D7ED28}
	EndGlobalSection
EndGlobal
