
Microsoft Visual Studio Solution File, Format Version 12.00
# Visual Studio 15
VisualStudioVersion = 15.0.28010.2046
MinimumVisualStudioVersion = 10.0.40219.1
Project("{FAE04EC0-301F-11D3-BF4B-00C04F79EFBC}") = "Поздравление", "Поздравление\Поздравление.csproj", "{C387DB99-638B-4E4B-8D1B-2D971FCF1B59}"
EndProject
Global
	GlobalSection(SolutionConfigurationPlatforms) = preSolution
		Debug|Any CPU = Debug|Any CPU
		Release|Any CPU = Release|Any CPU
	EndGlobalSection
	GlobalSection(ProjectConfigurationPlatforms) = postSolution
		{C387DB99-638B-4E4B-8D1B-2D971FCF1B59}.Debug|Any CPU.ActiveCfg = Debug|Any CPU
		{C387DB99-638B-4E4B-8D1B-2D971FCF1B59}.Debug|Any CPU.Build.0 = Debug|Any CPU
		{C387DB99-638B-4E4B-8D1B-2D971FCF1B59}.Release|Any CPU.ActiveCfg = Release|Any CPU
		{C387DB99-638B-4E4B-8D1B-2D971FCF1B59}.Release|Any CPU.Build.0 = Release|Any CPU
	EndGlobalSection
	GlobalSection(SolutionProperties) = preSolution
		HideSolutionNode = FALSE
	EndGlobalSection
	GlobalSection(ExtensibilityGlobals) = postSolution
		SolutionGuid = {F4EF598D-2770-489F-8D14-256E3BE33B7C}
	EndGlobalSection
EndGlobal
