
Microsoft Visual Studio Solution File, Format Version 12.00
# Visual Studio 15
VisualStudioVersion = 15.0.28010.2046
MinimumVisualStudioVersion = 10.0.40219.1
Project("{8BC9CEB8-8B4A-11D0-8D11-00A0C91BC942}") = "Factorial_system", "Factorial_system\Factorial_system.vcxproj", "{DEE89339-4E97-403D-9658-9B302985F0D1}"
EndProject
Global
	GlobalSection(SolutionConfigurationPlatforms) = preSolution
		Debug|x64 = Debug|x64
		Debug|x86 = Debug|x86
		Release|x64 = Release|x64
		Release|x86 = Release|x86
	EndGlobalSection
	GlobalSection(ProjectConfigurationPlatforms) = postSolution
		{DEE89339-4E97-403D-9658-9B302985F0D1}.Debug|x64.ActiveCfg = Debug|x64
		{DEE89339-4E97-403D-9658-9B302985F0D1}.Debug|x64.Build.0 = Debug|x64
		{DEE89339-4E97-403D-9658-9B302985F0D1}.Debug|x86.ActiveCfg = Debug|Win32
		{DEE89339-4E97-403D-9658-9B302985F0D1}.Debug|x86.Build.0 = Debug|Win32
		{DEE89339-4E97-403D-9658-9B302985F0D1}.Release|x64.ActiveCfg = Release|x64
		{DEE89339-4E97-403D-9658-9B302985F0D1}.Release|x64.Build.0 = Release|x64
		{DEE89339-4E97-403D-9658-9B302985F0D1}.Release|x86.ActiveCfg = Release|Win32
		{DEE89339-4E97-403D-9658-9B302985F0D1}.Release|x86.Build.0 = Release|Win32
	EndGlobalSection
	GlobalSection(SolutionProperties) = preSolution
		HideSolutionNode = FALSE
	EndGlobalSection
	GlobalSection(ExtensibilityGlobals) = postSolution
		SolutionGuid = {372A2C25-6AE4-4A58-901A-8DF6647B4247}
	EndGlobalSection
EndGlobal
