
Microsoft Visual Studio Solution File, Format Version 12.00
# Visual Studio 15
VisualStudioVersion = 15.0.28010.2019
MinimumVisualStudioVersion = 10.0.40219.1
Project("{8BC9CEB8-8B4A-11D0-8D11-00A0C91BC942}") = "Project5", "Project5\Project5.vcxproj", "{1FDA9F5B-05CE-415E-B7F9-6916297FA2AF}"
EndProject
Global
	GlobalSection(SolutionConfigurationPlatforms) = preSolution
		Debug|x64 = Debug|x64
		Debug|x86 = Debug|x86
		Release|x64 = Release|x64
		Release|x86 = Release|x86
	EndGlobalSection
	GlobalSection(ProjectConfigurationPlatforms) = postSolution
		{1FDA9F5B-05CE-415E-B7F9-6916297FA2AF}.Debug|x64.ActiveCfg = Debug|x64
		{1FDA9F5B-05CE-415E-B7F9-6916297FA2AF}.Debug|x64.Build.0 = Debug|x64
		{1FDA9F5B-05CE-415E-B7F9-6916297FA2AF}.Debug|x86.ActiveCfg = Debug|Win32
		{1FDA9F5B-05CE-415E-B7F9-6916297FA2AF}.Debug|x86.Build.0 = Debug|Win32
		{1FDA9F5B-05CE-415E-B7F9-6916297FA2AF}.Release|x64.ActiveCfg = Release|x64
		{1FDA9F5B-05CE-415E-B7F9-6916297FA2AF}.Release|x64.Build.0 = Release|x64
		{1FDA9F5B-05CE-415E-B7F9-6916297FA2AF}.Release|x86.ActiveCfg = Release|Win32
		{1FDA9F5B-05CE-415E-B7F9-6916297FA2AF}.Release|x86.Build.0 = Release|Win32
	EndGlobalSection
	GlobalSection(SolutionProperties) = preSolution
		HideSolutionNode = FALSE
	EndGlobalSection
	GlobalSection(ExtensibilityGlobals) = postSolution
		SolutionGuid = {92FBB7BD-AAEF-45DB-BD34-C1591315C1DE}
	EndGlobalSection
EndGlobal
