
Microsoft Visual Studio Solution File, Format Version 12.00
# Visual Studio 15
VisualStudioVersion = 15.0.28010.2046
MinimumVisualStudioVersion = 10.0.40219.1
Project("{FAE04EC0-301F-11D3-BF4B-00C04F79EFBC}") = "First_App_CS", "First_App_CS\First_App_CS.csproj", "{538C54D5-FDD3-4362-9C7E-1B4B828F6686}"
EndProject
Global
	GlobalSection(SolutionConfigurationPlatforms) = preSolution
		Debug|Any CPU = Debug|Any CPU
		Release|Any CPU = Release|Any CPU
	EndGlobalSection
	GlobalSection(ProjectConfigurationPlatforms) = postSolution
		{538C54D5-FDD3-4362-9C7E-1B4B828F6686}.Debug|Any CPU.ActiveCfg = Debug|Any CPU
		{538C54D5-FDD3-4362-9C7E-1B4B828F6686}.Debug|Any CPU.Build.0 = Debug|Any CPU
		{538C54D5-FDD3-4362-9C7E-1B4B828F6686}.Release|Any CPU.ActiveCfg = Release|Any CPU
		{538C54D5-FDD3-4362-9C7E-1B4B828F6686}.Release|Any CPU.Build.0 = Release|Any CPU
	EndGlobalSection
	GlobalSection(SolutionProperties) = preSolution
		HideSolutionNode = FALSE
	EndGlobalSection
	GlobalSection(ExtensibilityGlobals) = postSolution
		SolutionGuid = {909D588F-E960-4B29-B549-B601142B8342}
	EndGlobalSection
EndGlobal
