
Microsoft Visual Studio Solution File, Format Version 12.00
# Visual Studio 15
VisualStudioVersion = 15.0.28010.2046
MinimumVisualStudioVersion = 10.0.40219.1
Project("{8BC9CEB8-8B4A-11D0-8D11-00A0C91BC942}") = "OS_Lab_1", "OS_Lab_1\OS_Lab_1.vcxproj", "{12141F98-AF71-468B-80F4-586E6CC72ECF}"
EndProject
Project("{8BC9CEB8-8B4A-11D0-8D11-00A0C91BC942}") = "OS_Lab_1_Creator", "OS_Lab_1_Creator\OS_Lab_1_Creator.vcxproj", "{8DCD17DE-F38B-4B4B-8543-8850F96837CC}"
EndProject
Project("{8BC9CEB8-8B4A-11D0-8D11-00A0C91BC942}") = "OS_Lab_1_Reporter", "OS_Lab_1_Reporter\OS_Lab_1_Reporter.vcxproj", "{DCA40A4F-2E2C-4176-A6CE-7D2BCD6A3C4B}"
EndProject
Global
	GlobalSection(SolutionConfigurationPlatforms) = preSolution
		Debug|x64 = Debug|x64
		Debug|x86 = Debug|x86
		Release|x64 = Release|x64
		Release|x86 = Release|x86
	EndGlobalSection
	GlobalSection(ProjectConfigurationPlatforms) = postSolution
		{12141F98-AF71-468B-80F4-586E6CC72ECF}.Debug|x64.ActiveCfg = Debug|x64
		{12141F98-AF71-468B-80F4-586E6CC72ECF}.Debug|x64.Build.0 = Debug|x64
		{12141F98-AF71-468B-80F4-586E6CC72ECF}.Debug|x86.ActiveCfg = Debug|Win32
		{12141F98-AF71-468B-80F4-586E6CC72ECF}.Debug|x86.Build.0 = Debug|Win32
		{12141F98-AF71-468B-80F4-586E6CC72ECF}.Release|x64.ActiveCfg = Release|x64
		{12141F98-AF71-468B-80F4-586E6CC72ECF}.Release|x64.Build.0 = Release|x64
		{12141F98-AF71-468B-80F4-586E6CC72ECF}.Release|x86.ActiveCfg = Release|Win32
		{12141F98-AF71-468B-80F4-586E6CC72ECF}.Release|x86.Build.0 = Release|Win32
		{8DCD17DE-F38B-4B4B-8543-8850F96837CC}.Debug|x64.ActiveCfg = Debug|x64
		{8DCD17DE-F38B-4B4B-8543-8850F96837CC}.Debug|x64.Build.0 = Debug|x64
		{8DCD17DE-F38B-4B4B-8543-8850F96837CC}.Debug|x86.ActiveCfg = Debug|Win32
		{8DCD17DE-F38B-4B4B-8543-8850F96837CC}.Debug|x86.Build.0 = Debug|Win32
		{8DCD17DE-F38B-4B4B-8543-8850F96837CC}.Release|x64.ActiveCfg = Release|x64
		{8DCD17DE-F38B-4B4B-8543-8850F96837CC}.Release|x64.Build.0 = Release|x64
		{8DCD17DE-F38B-4B4B-8543-8850F96837CC}.Release|x86.ActiveCfg = Release|Win32
		{8DCD17DE-F38B-4B4B-8543-8850F96837CC}.Release|x86.Build.0 = Release|Win32
		{DCA40A4F-2E2C-4176-A6CE-7D2BCD6A3C4B}.Debug|x64.ActiveCfg = Debug|x64
		{DCA40A4F-2E2C-4176-A6CE-7D2BCD6A3C4B}.Debug|x64.Build.0 = Debug|x64
		{DCA40A4F-2E2C-4176-A6CE-7D2BCD6A3C4B}.Debug|x86.ActiveCfg = Debug|Win32
		{DCA40A4F-2E2C-4176-A6CE-7D2BCD6A3C4B}.Debug|x86.Build.0 = Debug|Win32
		{DCA40A4F-2E2C-4176-A6CE-7D2BCD6A3C4B}.Release|x64.ActiveCfg = Release|x64
		{DCA40A4F-2E2C-4176-A6CE-7D2BCD6A3C4B}.Release|x64.Build.0 = Release|x64
		{DCA40A4F-2E2C-4176-A6CE-7D2BCD6A3C4B}.Release|x86.ActiveCfg = Release|Win32
		{DCA40A4F-2E2C-4176-A6CE-7D2BCD6A3C4B}.Release|x86.Build.0 = Release|Win32
	EndGlobalSection
	GlobalSection(SolutionProperties) = preSolution
		HideSolutionNode = FALSE
	EndGlobalSection
	GlobalSection(ExtensibilityGlobals) = postSolution
		SolutionGuid = {F8ECC78D-C5E8-416A-8C4C-5F542A4F4C94}
	EndGlobalSection
EndGlobal
