
Microsoft Visual Studio Solution File, Format Version 12.00
# Visual Studio 15
VisualStudioVersion = 15.0.28010.2046
MinimumVisualStudioVersion = 10.0.40219.1
Project("{8BC9CEB8-8B4A-11D0-8D11-00A0C91BC942}") = "Scrapyard_C_C++", "Scrapyard_C_C++\Scrapyard_C_C++.vcxproj", "{5E3DBC6F-115F-4164-AD75-BD29230442AD}"
EndProject
Project("{8BC9CEB8-8B4A-11D0-8D11-00A0C91BC942}") = "F", "F\F.vcxproj", "{3B9AF3B5-84A5-4487-AA73-366DEC2CEB23}"
EndProject
Global
	GlobalSection(SolutionConfigurationPlatforms) = preSolution
		Debug|x64 = Debug|x64
		Debug|x86 = Debug|x86
		Release|x64 = Release|x64
		Release|x86 = Release|x86
	EndGlobalSection
	GlobalSection(ProjectConfigurationPlatforms) = postSolution
		{5E3DBC6F-115F-4164-AD75-BD29230442AD}.Debug|x64.ActiveCfg = Debug|x64
		{5E3DBC6F-115F-4164-AD75-BD29230442AD}.Debug|x64.Build.0 = Debug|x64
		{5E3DBC6F-115F-4164-AD75-BD29230442AD}.Debug|x86.ActiveCfg = Debug|Win32
		{5E3DBC6F-115F-4164-AD75-BD29230442AD}.Debug|x86.Build.0 = Debug|Win32
		{5E3DBC6F-115F-4164-AD75-BD29230442AD}.Release|x64.ActiveCfg = Release|x64
		{5E3DBC6F-115F-4164-AD75-BD29230442AD}.Release|x64.Build.0 = Release|x64
		{5E3DBC6F-115F-4164-AD75-BD29230442AD}.Release|x86.ActiveCfg = Release|Win32
		{5E3DBC6F-115F-4164-AD75-BD29230442AD}.Release|x86.Build.0 = Release|Win32
		{3B9AF3B5-84A5-4487-AA73-366DEC2CEB23}.Debug|x64.ActiveCfg = Debug|x64
		{3B9AF3B5-84A5-4487-AA73-366DEC2CEB23}.Debug|x64.Build.0 = Debug|x64
		{3B9AF3B5-84A5-4487-AA73-366DEC2CEB23}.Debug|x86.ActiveCfg = Debug|Win32
		{3B9AF3B5-84A5-4487-AA73-366DEC2CEB23}.Debug|x86.Build.0 = Debug|Win32
		{3B9AF3B5-84A5-4487-AA73-366DEC2CEB23}.Release|x64.ActiveCfg = Release|x64
		{3B9AF3B5-84A5-4487-AA73-366DEC2CEB23}.Release|x64.Build.0 = Release|x64
		{3B9AF3B5-84A5-4487-AA73-366DEC2CEB23}.Release|x86.ActiveCfg = Release|Win32
		{3B9AF3B5-84A5-4487-AA73-366DEC2CEB23}.Release|x86.Build.0 = Release|Win32
	EndGlobalSection
	GlobalSection(SolutionProperties) = preSolution
		HideSolutionNode = FALSE
	EndGlobalSection
	GlobalSection(ExtensibilityGlobals) = postSolution
		SolutionGuid = {FA8EAB82-A723-4042-818B-3C2114191975}
	EndGlobalSection
EndGlobal
