
Microsoft Visual Studio Solution File, Format Version 12.00
# Visual Studio 15
VisualStudioVersion = 15.0.28010.2046
MinimumVisualStudioVersion = 10.0.40219.1
Project("{FAE04EC0-301F-11D3-BF4B-00C04F79EFBC}") = "Free_Zone_CS", "Free_Zone_CS\Free_Zone_CS.csproj", "{73AB2EA4-9E4D-4624-AA57-FA50EBB232D7}"
EndProject
Global
	GlobalSection(SolutionConfigurationPlatforms) = preSolution
		Debug|Any CPU = Debug|Any CPU
		Release|Any CPU = Release|Any CPU
	EndGlobalSection
	GlobalSection(ProjectConfigurationPlatforms) = postSolution
		{73AB2EA4-9E4D-4624-AA57-FA50EBB232D7}.Debug|Any CPU.ActiveCfg = Debug|Any CPU
		{73AB2EA4-9E4D-4624-AA57-FA50EBB232D7}.Debug|Any CPU.Build.0 = Debug|Any CPU
		{73AB2EA4-9E4D-4624-AA57-FA50EBB232D7}.Release|Any CPU.ActiveCfg = Release|Any CPU
		{73AB2EA4-9E4D-4624-AA57-FA50EBB232D7}.Release|Any CPU.Build.0 = Release|Any CPU
	EndGlobalSection
	GlobalSection(SolutionProperties) = preSolution
		HideSolutionNode = FALSE
	EndGlobalSection
	GlobalSection(ExtensibilityGlobals) = postSolution
		SolutionGuid = {BEDF83CC-30DA-4CF6-ACC1-6D475CA5042A}
	EndGlobalSection
EndGlobal
